# This file is automatically @generated by Cargo.
# It is not intended for manual editing.
version = 3

[[package]]
name = "bytemuck"
version = "1.9.1"
source = "registry+https://github.com/rust-lang/crates.io-index"
checksum = "cdead85bdec19c194affaeeb670c0e41fe23de31459efd1c174d049269cf02cc"

[[package]]
name = "cc"
version = "1.0.73"
source = "registry+https://github.com/rust-lang/crates.io-index"
checksum = "2fff2a6927b3bb87f9595d67196a70493f627687a71d87a0d692242c33f58c11"

[[package]]
name = "imagequant-sys"
version = "2.13.1"
dependencies = [
 "cc",
 "openmp-sys",
 "rgb",
]

[[package]]
name = "openmp-sys"
version = "1.2.3"
source = "registry+https://github.com/rust-lang/crates.io-index"
checksum = "a3a0ed77d2794d2b9a59123e60e874190626c22b7124ce38959fe59386e317fa"
dependencies = [
 "cc",
]

[[package]]
name = "rgb"
version = "0.8.33"
source = "registry+https://github.com/rust-lang/crates.io-index"
checksum = "c3b221de559e4a29df3b957eec92bc0de6bc8eaf6ca9cfed43e5e1d67ff65a34"
dependencies = [
 "bytemuck",
]
